
Microsoft Visual Studio Solution File, Format Version 12.00
# Visual Studio Version 17
VisualStudioVersion = 17.3.32901.215
MinimumVisualStudioVersion = 10.0.40219.1
Project("{FAE04EC0-301F-11D3-BF4B-00C04F79EFBC}") = "I01_Numeros_Locos_ConsoleApp", "I01_Numeros_Locos_ConsoleApp\I01_Numeros_Locos_ConsoleApp.csproj", "{BBF6E8BA-0879-43D1-ABDB-6C7CD86E41D6}"
EndProject
Project("{FAE04EC0-301F-11D3-BF4B-00C04F79EFBC}") = "I02_Numeros_Locos_2_ConsoleApp", "I02_Numeros_Locos_2_ConsoleApp\I02_Numeros_Locos_2_ConsoleApp.csproj", "{AA66C667-01A8-48B4-A57E-FFCF9C4098F3}"
EndProject
Global
	GlobalSection(SolutionConfigurationPlatforms) = preSolution
		Debug|Any CPU = Debug|Any CPU
		Release|Any CPU = Release|Any CPU
	EndGlobalSection
	GlobalSection(ProjectConfigurationPlatforms) = postSolution
		{BBF6E8BA-0879-43D1-ABDB-6C7CD86E41D6}.Debug|Any CPU.ActiveCfg = Debug|Any CPU
		{BBF6E8BA-0879-43D1-ABDB-6C7CD86E41D6}.Debug|Any CPU.Build.0 = Debug|Any CPU
		{BBF6E8BA-0879-43D1-ABDB-6C7CD86E41D6}.Release|Any CPU.ActiveCfg = Release|Any CPU
		{BBF6E8BA-0879-43D1-ABDB-6C7CD86E41D6}.Release|Any CPU.Build.0 = Release|Any CPU
		{AA66C667-01A8-48B4-A57E-FFCF9C4098F3}.Debug|Any CPU.ActiveCfg = Debug|Any CPU
		{AA66C667-01A8-48B4-A57E-FFCF9C4098F3}.Debug|Any CPU.Build.0 = Debug|Any CPU
		{AA66C667-01A8-48B4-A57E-FFCF9C4098F3}.Release|Any CPU.ActiveCfg = Release|Any CPU
		{AA66C667-01A8-48B4-A57E-FFCF9C4098F3}.Release|Any CPU.Build.0 = Release|Any CPU
	EndGlobalSection
	GlobalSection(SolutionProperties) = preSolution
		HideSolutionNode = FALSE
	EndGlobalSection
	GlobalSection(ExtensibilityGlobals) = postSolution
		SolutionGuid = {A6AA50AB-11D7-485E-8D8A-2EA575325EB6}
	EndGlobalSection
EndGlobal
